{
  "name": "telegram-codex-desktop-remote-en",
  "version": "0.9.0",
  "lockfileVersion": 3,
  "requires": true,
  "packages": {
    "": {
      "name": "telegram-codex-desktop-remote-en",
      "version": "0.9.0",
      "license": "SEE LICENSE IN LICENSE",
      "engines": {
        "node": ">=24.17.0"
      }
    }
  }
}
